// !$*UTF8*$!
{
	archiveVersion = 1;
	classes = {
	};
	objectVersion = 46;
	objects = {

/* Begin PBXBuildFile section */
		FDC6AD591E38206B004CC62D /* AppDelegate.swift in Sources */ = {isa = PBXBuildFile; fileRef = FDC6AD581E38206B004CC62D /* AppDelegate.swift */; };
		FDC6AD5B1E38206B004CC62D /* ViewController.swift in Sources */ = {isa = PBXBuildFile; fileRef = FDC6AD5A1E38206B004CC62D /* ViewController.swift */; };
		FDC6AD5E1E38206C004CC62D /* Main.storyboard in Resources */ = {isa = PBXBuildFile; fileRef = FDC6AD5C1E38206C004CC62D /* Main.storyboard */; };
		FDC6AD601E38206C004CC62D /* Assets.xcassets in Resources */ = {isa = PBXBuildFile; fileRef = FDC6AD5F1E38206C004CC62D /* Assets.xcassets */; };
		FDC6AD631E38206C004CC62D /* LaunchScreen.storyboard in Resources */ = {isa = PBXBuildFile; fileRef = FDC6AD611E38206C004CC62D /* LaunchScreen.storyboard */; };
/* End PBXBuildFile section */

/* Begin PBXFileReference section */
		FDC6AD551E38206B004CC62D /* iOS-Lesson3.app */ = {isa = PBXFileReference; explicitFileType = wrapper.application; includeInIndex = 0; path = "iOS-Lesson3.app"; sourceTree = BUILT_PRODUCTS_DIR; };
		FDC6AD581E38206B004CC62D /* AppDelegate.swift */ = {isa = PBXFileReference; lastKnownFileType = sourcecode.swift; path = AppDelegate.swift; sourceTree = "<group>"; };
		FDC6AD5A1E38206B004CC62D /* ViewController.swift */ = {isa = PBXFileReference; lastKnownFileType = sourcecode.swift; path = ViewController.swift; sourceTree = "<group>"; };
		FDC6AD5D1E38206C004CC62D /* Base */ = {isa = PBXFileReference; lastKnownFileType = file.storyboard; name = Base; path = Base.lproj/Main.storyboard; sourceTree = "<group>"; };
		FDC6AD5F1E38206C004CC62D /* Assets.xcassets */ = {isa = PBXFileReference; lastKnownFileType = folder.assetcatalog; path = Assets.xcassets; sourceTree = "<group>"; };
		FDC6AD621E38206C004CC62D /* Base */ = {isa = PBXFileReference; lastKnownFileType = file.storyboard; name = Base; path = Base.lproj/LaunchScreen.storyboard; sourceTree = "<group>"; };
		FDC6AD641E38206C004CC62D /* Info.plist */ = {isa = PBXFileReference; lastKnownFileType = text.plist.xml; path = Info.plist; sourceTree = "<group>"; };
/* End PBXFileReference section */

/* Begin PBXFrameworksBuildPhase section */
		FDC6AD521E38206B004CC62D /* Frameworks */ = {
			isa = PBXFrameworksBuildPhase;
			buildActionMask = 2147483647;
			files = (
			);
			runOnlyForDeploymentPostprocessing = 0;
		};
/* End PBXFrameworksBuildPhase section */

/* Begin PBXGroup section */
		FDC6AD4C1E38206B004CC62D = {
			isa = PBXGroup;
			children = (
				FDC6AD571E38206B004CC62D /* iOS-Lesson3 */,
				FDC6AD561E38206B004CC62D /* Products */,
			);
			sourceTree = "<group>";
		};
		FDC6AD561E38206B004CC62D /* Products */ = {
			isa = PBXGroup;
			children = (
				FDC6AD551E38206B004CC62D /* iOS-Lesson3.app */,
			);
			name = Products;
			sourceTree = "<group>";
		};
		FDC6AD571E38206B004CC62D /* iOS-Lesson3 */ = {
			isa = PBXGroup;
			children = (
				FDC6AD581E38206B004CC62D /* AppDelegate.swift */,
				FDC6AD5A1E38206B004CC62D /* ViewController.swift */,
				FDC6AD5C1E38206C004CC62D /* Main.storyboard */,
				FDC6AD5F1E38206C004CC62D /* Assets.xcassets */,
				FDC6AD611E38206C004CC62D /* LaunchScreen.storyboard */,
				FDC6AD641E38206C004CC62D /* Info.plist */,
			);
			path = "iOS-Lesson3";
			sourceTree = "<group>";
		};
/* End PBXGroup section */

/* Begin PBXNativeTarget section */
		FDC6AD541E38206B004CC62D /* iOS-Lesson3 */ = {
			isa = PBXNativeTarget;
			buildConfigurationList = FDC6AD671E38206C004CC62D /* Build configuration list for PBXNativeTarget "iOS-Lesson3" */;
			buildPhases = (
				FDC6AD511E38206B004CC62D /* Sources */,
				FDC6AD521E38206B004CC62D /* Frameworks */,
				FDC6AD531E38206B004CC62D /* Resources */,
			);
			buildRules = (
			);
			dependencies = (
			);
			name = "iOS-Lesson3";
			productName = "iOS-Lesson3";
			productReference = FDC6AD551E38206B004CC62D /* iOS-Lesson3.app */;
			productType = "com.apple.product-type.application";
		};
/* End PBXNativeTarget section */

/* Begin PBXProject section */
		FDC6AD4D1E38206B004CC62D /* Project object */ = {
			isa = PBXProject;
			attributes = {
				LastSwiftUpdateCheck = 0820;
				LastUpgradeCheck = 0820;
				ORGANIZATIONNAME = Basil;
				TargetAttributes = {
					FDC6AD541E38206B004CC62D = {
						CreatedOnToolsVersion = 8.2.1;
						DevelopmentTeam = 2BULHRS882;
						ProvisioningStyle = Automatic;
					};
				};
			};
			buildConfigurationList = FDC6AD501E38206B004CC62D /* Build configuration list for PBXProject "iOS-Lesson3" */;
			compatibilityVersion = "Xcode 3.2";
			developmentRegion = English;
			hasScannedForEncodings = 0;
			knownRegions = (
				en,
				Base,
			);
			mainGroup = FDC6AD4C1E38206B004CC62D;
			productRefGroup = FDC6AD561E38206B004CC62D /* Products */;
			projectDirPath = "";
			projectRoot = "";
			targets = (
				FDC6AD541E38206B004CC62D /* iOS-Lesson3 */,
			);
		};
/* End PBXProject section */

/* Begin PBXResourcesBuildPhase section */
		FDC6AD531E38206B004CC62D /* Resources */ = {
			isa = PBXResourcesBuildPhase;
			buildActionMask = 2147483647;
			files = (
				FDC6AD631E38206C004CC62D /* LaunchScreen.storyboard in Resources */,
				FDC6AD601E38206C004CC62D /* Assets.xcassets in Resources */,
				FDC6AD5E1E38206C004CC62D /* Main.storyboard in Resources */,
			);
			runOnlyForDeploymentPostprocessing = 0;
		};
/* End PBXResourcesBuildPhase section */

/* Begin PBXSourcesBuildPhase section */
		FDC6AD511E38206B004CC62D /* Sources */ = {
			isa = PBXSourcesBuildPhase;
			buildActionMask = 2147483647;
			files = (
				FDC6AD5B1E38206B004CC62D /* ViewController.swift in Sources */,
				FDC6AD591E38206B004CC62D /* AppDelegate.swift in Sources */,
			);
			runOnlyForDeploymentPostprocessing = 0;
		};
/* End PBXSourcesBuildPhase section */

/* Begin PBXVariantGroup section */
		FDC6AD5C1E38206C004CC62D /* Main.storyboard */ = {
			isa = PBXVariantGroup;
			children = (
				FDC6AD5D1E38206C004CC62D /* Base */,
			);
			name = Main.storyboard;
			sourceTree = "<group>";
		};
		FDC6AD611E38206C004CC62D /* LaunchScreen.storyboard */ = {
			isa = PBXVariantGroup;
			children = (
				FDC6AD621E38206C004CC62D /* Base */,
			);
			name = LaunchScreen.storyboard;
			sourceTree = "<group>";
		};
/* End PBXVariantGroup section */

/* Begin XCBuildConfiguration section */
		FDC6AD651E38206C004CC62D /* Debug */ = {
			isa = XCBuildConfiguration;
			buildSettings = {
				ALWAYS_SEARCH_USER_PATHS = NO;
				CLANG_ANALYZER_NONNULL = YES;
				CLANG_CXX_LANGUAGE_STANDARD = "gnu++0x";
				CLANG_CXX_LIBRARY = "libc++";
				CLANG_ENABLE_MODULES = YES;
				CLANG_ENABLE_OBJC_ARC = YES;
				CLANG_WARN_BOOL_CONVERSION = YES;
				CLANG_WARN_CONSTANT_CONVERSION = YES;
				CLANG_WARN_DIRECT_OBJC_ISA_USAGE = YES_ERROR;
				CLANG_WARN_DOCUMENTATION_COMMENTS = YES;
				CLANG_WARN_EMPTY_BODY = YES;
				CLANG_WARN_ENUM_CONVERSION = YES;
				CLANG_WARN_INFINITE_RECURSION = YES;
				CLANG_WARN_INT_CONVERSION = YES;
				CLANG_WARN_OBJC_ROOT_CLASS = YES_ERROR;
				CLANG_WARN_SUSPICIOUS_MOVE = YES;
				CLANG_WARN_UNREACHABLE_CODE = YES;
				CLANG_WARN__DUPLICATE_METHOD_MATCH = YES;
				"CODE_SIGN_IDENTITY[sdk=iphoneos*]" = "iPhone Developer";
				COPY_PHASE_STRIP = NO;
				DEBUG_INFORMATION_FORMAT = dwarf;
				ENABLE_STRICT_OBJC_MSGSEND = YES;
				ENABLE_TESTABILITY = YES;
				GCC_C_LANGUAGE_STANDARD = gnu99;
				GCC_DYNAMIC_NO_PIC = NO;
				GCC_NO_COMMON_BLOCKS = YES;
				GCC_OPTIMIZATION_LEVEL = 0;
				GCC_PREPROCESSOR_DEFINITIONS = (
					"DEBUG=1",
					"$(inherited)",
				);
				GCC_WARN_64_TO_32_BIT_CONVERSION = YES;
				GCC_WARN_ABOUT_RETURN_TYPE = YES_ERROR;
				GCC_WARN_UNDECLARED_SELECTOR = YES;
				GCC_WARN_UNINITIALIZED_AUTOS = YES_AGGRESSIVE;
				GCC_WARN_UNUSED_FUNCTION = YES;
				GCC_WARN_UNUSED_VARIABLE = YES;
				IPHONEOS_DEPLOYMENT_TARGET = 10.2;
				MTL_ENABLE_DEBUG_INFO = YES;
				ONLY_ACTIVE_ARCH = YES;
				SDKROOT = iphoneos;
				SWIFT_ACTIVE_COMPILATION_CONDITIONS = DEBUG;
				SWIFT_OPTIMIZATION_LEVEL = "-Onone";
			};
			name = Debug;
		};
		FDC6AD661E38206C004CC62D /* Release */ = {
			isa = XCBuildConfiguration;
			buildSettings = {
				ALWAYS_SEARCH_USER_PATHS = NO;
				CLANG_ANALYZER_NONNULL = YES;
				CLANG_CXX_LANGUAGE_STANDARD = "gnu++0x";
				CLANG_CXX_LIBRARY = "libc++";
				CLANG_ENABLE_MODULES = YES;
				CLANG_ENABLE_OBJC_ARC = YES;
				CLANG_WARN_BOOL_CONVERSION = YES;
				CLANG_WARN_CONSTANT_CONVERSION = YES;
				CLANG_WARN_DIRECT_OBJC_ISA_USAGE = YES_ERROR;
				CLANG_WARN_DOCUMENTATION_COMMENTS = YES;
				CLANG_WARN_EMPTY_BODY = YES;
				CLANG_WARN_ENUM_CONVERSION = YES;
				CLANG_WARN_INFINITE_RECURSION = YES;
				CLANG_WARN_INT_CONVERSION = YES;
				CLANG_WARN_OBJC_ROOT_CLASS = YES_ERROR;
				CLANG_WARN_SUSPICIOUS_MOVE = YES;
				CLANG_WARN_UNREACHABLE_CODE = YES;
				CLANG_WARN__DUPLICATE_METHOD_MATCH = YES;
				"CODE_SIGN_IDENTITY[sdk=iphoneos*]" = "iPhone Developer";
				COPY_PHASE_STRIP = NO;
				DEBUG_INFORMATION_FORMAT = "dwarf-with-dsym";
				ENABLE_NS_ASSERTIONS = NO;
				ENABLE_STRICT_OBJC_MSGSEND = YES;
				GCC_C_LANGUAGE_STANDARD = gnu99;
				GCC_NO_COMMON_BLOCKS = YES;
				GCC_WARN_64_TO_32_BIT_CONVERSION = YES;
				GCC_WARN_ABOUT_RETURN_TYPE = YES_ERROR;
				GCC_WARN_UNDECLARED_SELECTOR = YES;
				GCC_WARN_UNINITIALIZED_AUTOS = YES_AGGRESSIVE;
				GCC_WARN_UNUSED_FUNCTION = YES;
				GCC_WARN_UNUSED_VARIABLE = YES;
				IPHONEOS_DEPLOYMENT_TARGET = 10.2;
				MTL_ENABLE_DEBUG_INFO = NO;
				SDKROOT = iphoneos;
				SWIFT_OPTIMIZATION_LEVEL = "-Owholemodule";
				VALIDATE_PRODUCT = YES;
			};
			name = Release;
		};
		FDC6AD681E38206C004CC62D /* Debug */ = {
			isa = XCBuildConfiguration;
			buildSettings = {
				ASSETCATALOG_COMPILER_APPICON_NAME = AppIcon;
				DEVELOPMENT_TEAM = 2BULHRS882;
				INFOPLIST_FILE = "iOS-Lesson3/Info.plist";
				LD_RUNPATH_SEARCH_PATHS = "$(inherited) @executable_path/Frameworks";
				PRODUCT_BUNDLE_IDENTIFIER = "com.centennial.iOS-Lesson3";
				PRODUCT_NAME = "$(TARGET_NAME)";
				SWIFT_VERSION = 3.0;
			};
			name = Debug;
		};
		FDC6AD691E38206C004CC62D /* Release */ = {
			isa = XCBuildConfiguration;
			buildSettings = {
				ASSETCATALOG_COMPILER_APPICON_NAME = AppIcon;
				DEVELOPMENT_TEAM = 2BULHRS882;
				INFOPLIST_FILE = "iOS-Lesson3/Info.plist";
				LD_RUNPATH_SEARCH_PATHS = "$(inherited) @executable_path/Frameworks";
				PRODUCT_BUNDLE_IDENTIFIER = "com.centennial.iOS-Lesson3";
				PRODUCT_NAME = "$(TARGET_NAME)";
				SWIFT_VERSION = 3.0;
			};
			name = Release;
		};
/* End XCBuildConfiguration section */

/* Begin XCConfigurationList section */
		FDC6AD501E38206B004CC62D /* Build configuration list for PBXProject "iOS-Lesson3" */ = {
			isa = XCConfigurationList;
			buildConfigurations = (
				FDC6AD651E38206C004CC62D /* Debug */,
				FDC6AD661E38206C004CC62D /* Release */,
			);
			defaultConfigurationIsVisible = 0;
			defaultConfigurationName = Release;
		};
		FDC6AD671E38206C004CC62D /* Build configuration list for PBXNativeTarget "iOS-Lesson3" */ = {
			isa = XCConfigurationList;
			buildConfigurations = (
				FDC6AD681E38206C004CC62D /* Debug */,
				FDC6AD691E38206C004CC62D /* Release */,
			);
			defaultConfigurationIsVisible = 0;
		};
/* End XCConfigurationList section */
	};
	rootObject = FDC6AD4D1E38206B004CC62D /* Project object */;
}
